Microsoft Visual Studio Solution File, Format Version 12.00
# Visual Studio Version 17
VisualStudioVersion = 17.5.2.0
MinimumVisualStudioVersion = 10.0.40219.1
Project("{FAE04EC0-301F-11D3-BF4B-00C04F79EFBC}") = "Sleep data", "Sleep data.csproj", "{9D1A13D6-DF23-7056-0568-C3650CC39AA0}"
EndProject
Global
	GlobalSection(SolutionConfigurationPlatforms) = preSolution
		Debug|Any CPU = Debug|Any CPU
		Release|Any CPU = Release|Any CPU
	EndGlobalSection
	GlobalSection(ProjectConfigurationPlatforms) = postSolution
		{9D1A13D6-DF23-7056-0568-C3650CC39AA0}.Debug|Any CPU.ActiveCfg = Debug|Any CPU
		{9D1A13D6-DF23-7056-0568-C3650CC39AA0}.Debug|Any CPU.Build.0 = Debug|Any CPU
		{9D1A13D6-DF23-7056-0568-C3650CC39AA0}.Release|Any CPU.ActiveCfg = Release|Any CPU
		{9D1A13D6-DF23-7056-0568-C3650CC39AA0}.Release|Any CPU.Build.0 = Release|Any CPU
	EndGlobalSection
	GlobalSection(SolutionProperties) = preSolution
		HideSolutionNode = FALSE
	EndGlobalSection
	GlobalSection(ExtensibilityGlobals) = postSolution
		SolutionGuid = {AAB84687-5368-4ED7-817D-C1767DDB7CBD}
	EndGlobalSection
EndGlobal
